
Microsoft Visual Studio Solution File, Format Version 11.00
# Visual Studio 2010
Project("{EDCC3B85-0BAD-11DB-BC1A-00112FDE8B61}") = "MetaInfoMakerForBlackHolsJur", "ConsoleApplication34\MetaInfoMakerForBlackHolsJur.nproj", "{E6FC2CD6-C668-47D0-BEF0-CECE243EC3B0}"
EndProject
Project("{EDCC3B85-0BAD-11DB-BC1A-00112FDE8B61}") = "MetadataAnalyzer", "MetadataAnalyzer\MetadataAnalyzer.nproj", "{709679C0-2808-42CA-922B-513FCF5B577D}"
EndProject
Project("{EDCC3B85-0BAD-11DB-BC1A-00112FDE8B61}") = "MakeCdToc", "MakeCdToc\MakeCdToc.nproj", "{3EE9BD2C-C0B8-4D15-90EC-5ABD14E14295}"
EndProject
Global
	GlobalSection(SolutionConfigurationPlatforms) = preSolution
		Debug|Any CPU = Debug|Any CPU
		Release|Any CPU = Release|Any CPU
	EndGlobalSection
	GlobalSection(ProjectConfigurationPlatforms) = postSolution
		{E6FC2CD6-C668-47D0-BEF0-CECE243EC3B0}.Debug|Any CPU.ActiveCfg = Debug|Any CPU
		{E6FC2CD6-C668-47D0-BEF0-CECE243EC3B0}.Debug|Any CPU.Build.0 = Debug|Any CPU
		{E6FC2CD6-C668-47D0-BEF0-CECE243EC3B0}.Release|Any CPU.ActiveCfg = Release|Any CPU
		{E6FC2CD6-C668-47D0-BEF0-CECE243EC3B0}.Release|Any CPU.Build.0 = Release|Any CPU
		{709679C0-2808-42CA-922B-513FCF5B577D}.Debug|Any CPU.ActiveCfg = Debug|Any CPU
		{709679C0-2808-42CA-922B-513FCF5B577D}.Debug|Any CPU.Build.0 = Debug|Any CPU
		{709679C0-2808-42CA-922B-513FCF5B577D}.Release|Any CPU.ActiveCfg = Release|Any CPU
		{709679C0-2808-42CA-922B-513FCF5B577D}.Release|Any CPU.Build.0 = Release|Any CPU
		{3EE9BD2C-C0B8-4D15-90EC-5ABD14E14295}.Debug|Any CPU.ActiveCfg = Debug|Any CPU
		{3EE9BD2C-C0B8-4D15-90EC-5ABD14E14295}.Debug|Any CPU.Build.0 = Debug|Any CPU
		{3EE9BD2C-C0B8-4D15-90EC-5ABD14E14295}.Release|Any CPU.ActiveCfg = Release|Any CPU
		{3EE9BD2C-C0B8-4D15-90EC-5ABD14E14295}.Release|Any CPU.Build.0 = Release|Any CPU
	EndGlobalSection
	GlobalSection(SolutionProperties) = preSolution
		HideSolutionNode = FALSE
	EndGlobalSection
EndGlobal
